
Microsoft Visual Studio Solution File, Format Version 12.00
# Visual Studio Version 17
VisualStudioVersion = 17.5.002.0
MinimumVisualStudioVersion = 10.0.40219.1
Project("{9A19103F-16F7-4668-BE54-9A1E7A4F7556}") = "proyecto No.2 P.C (lab)", "proyecto No.2 P.C (lab).csproj", "{7E4F266F-A631-489D-9D26-D5F6E42DBED4}"
EndProject
Global
	GlobalSection(SolutionConfigurationPlatforms) = preSolution
		Debug|Any CPU = Debug|Any CPU
		Release|Any CPU = Release|Any CPU
	EndGlobalSection
	GlobalSection(ProjectConfigurationPlatforms) = postSolution
		{7E4F266F-A631-489D-9D26-D5F6E42DBED4}.Debug|Any CPU.ActiveCfg = Debug|Any CPU
		{7E4F266F-A631-489D-9D26-D5F6E42DBED4}.Debug|Any CPU.Build.0 = Debug|Any CPU
		{7E4F266F-A631-489D-9D26-D5F6E42DBED4}.Release|Any CPU.ActiveCfg = Release|Any CPU
		{7E4F266F-A631-489D-9D26-D5F6E42DBED4}.Release|Any CPU.Build.0 = Release|Any CPU
	EndGlobalSection
	GlobalSection(SolutionProperties) = preSolution
		HideSolutionNode = FALSE
	EndGlobalSection
	GlobalSection(ExtensibilityGlobals) = postSolution
		SolutionGuid = {AEA6817B-DA36-4CA8-8BC7-B5EB6A4C2C78}
	EndGlobalSection
EndGlobal
